{
  "name": "community",
  "version": "1.0.0",
  "lockfileVersion": 2,
  "requires": true,
  "packages": {
    "": {
      "name": "community",
      "version": "1.0.0",
      "license": "ISC",
      "dependencies": {
        "@babel/runtime": "^7.26.9",
        "@vant/weapp": "^1.9.2"
      }
    },
    "node_modules/@babel/runtime": {
      "version": "7.26.9",
      "resolved": "http://registry.npmmirror.com/@babel/runtime/-/runtime-7.26.9.tgz",
      "integrity": "sha512-aA63XwOkcl4xxQa3HjPMqOP6LiK0ZDv3mUPYEFXkpHbaFjtGggE1A61FjFzJnB+p7/oy2gA8E+rcBNl/zC1tMg==",
      "dependencies": {
        "regenerator-runtime": "^0.14.0"
      },
      "engines": {
        "node": ">=6.9.0"
      }
    },
    "node_modules/@vant/weapp": {
      "version": "1.9.2",
      "resolved": "http://registry.npmmirror.com/@vant/weapp/download/@vant/weapp-1.9.2.tgz",
      "integrity": "sha1-QGF0wR0/Qh277/mVpVbOHTBimQg=",
      "license": "MIT"
    },
    "node_modules/regenerator-runtime": {
      "version": "0.14.1",
      "resolved": "http://registry.npmmirror.com/regenerator-runtime/-/regenerator-runtime-0.14.1.tgz",
      "integrity": "sha512-dYnhHh0nJoMfnkZs6GmmhFknAGRrLznOu5nc9ML+EJxGvrx6H7teuevqVqCuPcPK//3eDrrjQhehXVx9cnkGdw=="
    }
  },
  "dependencies": {
    "@babel/runtime": {
      "version": "7.26.9",
      "resolved": "http://registry.npmmirror.com/@babel/runtime/-/runtime-7.26.9.tgz",
      "integrity": "sha512-aA63XwOkcl4xxQa3HjPMqOP6LiK0ZDv3mUPYEFXkpHbaFjtGggE1A61FjFzJnB+p7/oy2gA8E+rcBNl/zC1tMg==",
      "requires": {
        "regenerator-runtime": "^0.14.0"
      }
    },
    "@vant/weapp": {
      "version": "1.9.2",
      "resolved": "http://registry.npmmirror.com/@vant/weapp/download/@vant/weapp-1.9.2.tgz",
      "integrity": "sha1-QGF0wR0/Qh277/mVpVbOHTBimQg="
    },
    "regenerator-runtime": {
      "version": "0.14.1",
      "resolved": "http://registry.npmmirror.com/regenerator-runtime/-/regenerator-runtime-0.14.1.tgz",
      "integrity": "sha512-dYnhHh0nJoMfnkZs6GmmhFknAGRrLznOu5nc9ML+EJxGvrx6H7teuevqVqCuPcPK//3eDrrjQhehXVx9cnkGdw=="
    }
  }
}
